
Microsoft Visual Studio Solution File, Format Version 12.00
# Visual Studio Version 17
VisualStudioVersion = 17.9.34714.143
MinimumVisualStudioVersion = 10.0.40219.1
Project("{9A19103F-16F7-4668-BE54-9A1E7A4F7556}") = "Entities", "Entities\Entities.csproj", "{A42BD326-AD84-4AF5-B97A-8691A0D5DBC7}"
EndProject
Project("{9A19103F-16F7-4668-BE54-9A1E7A4F7556}") = "DataAccess", "DataAccess\DataAccess.csproj", "{A4E01907-D182-438D-A700-62EB6DE8B8C5}"
EndProject
Project("{9A19103F-16F7-4668-BE54-9A1E7A4F7556}") = "Business", "Business\Business.csproj", "{55B35782-C225-4B74-8598-E80E4E1194F6}"
EndProject
Project("{9A19103F-16F7-4668-BE54-9A1E7A4F7556}") = "Core", "Core\Core.csproj", "{47F97131-1B11-4E58-9D57-138171EAE7AD}"
EndProject
Project("{FAE04EC0-301F-11D3-BF4B-00C04F79EFBC}") = "WebAPI", "WebAPI\WebAPI.csproj", "{A061115C-40FE-49AC-A832-FA29960B5E79}"
EndProject
Global
	GlobalSection(SolutionConfigurationPlatforms) = preSolution
		Debug|Any CPU = Debug|Any CPU
		Release|Any CPU = Release|Any CPU
	EndGlobalSection
	GlobalSection(ProjectConfigurationPlatforms) = postSolution
		{A42BD326-AD84-4AF5-B97A-8691A0D5DBC7}.Debug|Any CPU.ActiveCfg = Debug|Any CPU
		{A42BD326-AD84-4AF5-B97A-8691A0D5DBC7}.Debug|Any CPU.Build.0 = Debug|Any CPU
		{A42BD326-AD84-4AF5-B97A-8691A0D5DBC7}.Release|Any CPU.ActiveCfg = Release|Any CPU
		{A42BD326-AD84-4AF5-B97A-8691A0D5DBC7}.Release|Any CPU.Build.0 = Release|Any CPU
		{A4E01907-D182-438D-A700-62EB6DE8B8C5}.Debug|Any CPU.ActiveCfg = Debug|Any CPU
		{A4E01907-D182-438D-A700-62EB6DE8B8C5}.Debug|Any CPU.Build.0 = Debug|Any CPU
		{A4E01907-D182-438D-A700-62EB6DE8B8C5}.Release|Any CPU.ActiveCfg = Release|Any CPU
		{A4E01907-D182-438D-A700-62EB6DE8B8C5}.Release|Any CPU.Build.0 = Release|Any CPU
		{55B35782-C225-4B74-8598-E80E4E1194F6}.Debug|Any CPU.ActiveCfg = Debug|Any CPU
		{55B35782-C225-4B74-8598-E80E4E1194F6}.Debug|Any CPU.Build.0 = Debug|Any CPU
		{55B35782-C225-4B74-8598-E80E4E1194F6}.Release|Any CPU.ActiveCfg = Release|Any CPU
		{55B35782-C225-4B74-8598-E80E4E1194F6}.Release|Any CPU.Build.0 = Release|Any CPU
		{47F97131-1B11-4E58-9D57-138171EAE7AD}.Debug|Any CPU.ActiveCfg = Debug|Any CPU
		{47F97131-1B11-4E58-9D57-138171EAE7AD}.Debug|Any CPU.Build.0 = Debug|Any CPU
		{47F97131-1B11-4E58-9D57-138171EAE7AD}.Release|Any CPU.ActiveCfg = Release|Any CPU
		{47F97131-1B11-4E58-9D57-138171EAE7AD}.Release|Any CPU.Build.0 = Release|Any CPU
		{A061115C-40FE-49AC-A832-FA29960B5E79}.Debug|Any CPU.ActiveCfg = Debug|Any CPU
		{A061115C-40FE-49AC-A832-FA29960B5E79}.Debug|Any CPU.Build.0 = Debug|Any CPU
		{A061115C-40FE-49AC-A832-FA29960B5E79}.Release|Any CPU.ActiveCfg = Release|Any CPU
		{A061115C-40FE-49AC-A832-FA29960B5E79}.Release|Any CPU.Build.0 = Release|Any CPU
	EndGlobalSection
	GlobalSection(SolutionProperties) = preSolution
		HideSolutionNode = FALSE
	EndGlobalSection
	GlobalSection(ExtensibilityGlobals) = postSolution
		SolutionGuid = {289A49B8-9417-46F8-983F-ECAF96D7FEE7}
	EndGlobalSection
EndGlobal
